
Microsoft Visual Studio Solution File, Format Version 12.00
# Visual Studio Version 16
VisualStudioVersion = 16.0.31515.178
MinimumVisualStudioVersion = 10.0.40219.1
Project("{9A19103F-16F7-4668-BE54-9A1E7A4F7556}") = "MyNihongo.LinqAsync", "src\MyNihongo.LinqAsync.csproj", "{0D0560C2-17C9-4AC7-8BF4-AEAF3388B5EE}"
EndProject
Global
	GlobalSection(SolutionConfigurationPlatforms) = preSolution
		Debug|Any CPU = Debug|Any CPU
		Release|Any CPU = Release|Any CPU
	EndGlobalSection
	GlobalSection(ProjectConfigurationPlatforms) = postSolution
		{0D0560C2-17C9-4AC7-8BF4-AEAF3388B5EE}.Debug|Any CPU.ActiveCfg = Debug|Any CPU
		{0D0560C2-17C9-4AC7-8BF4-AEAF3388B5EE}.Debug|Any CPU.Build.0 = Debug|Any CPU
		{0D0560C2-17C9-4AC7-8BF4-AEAF3388B5EE}.Release|Any CPU.ActiveCfg = Release|Any CPU
		{0D0560C2-17C9-4AC7-8BF4-AEAF3388B5EE}.Release|Any CPU.Build.0 = Release|Any CPU
	EndGlobalSection
	GlobalSection(SolutionProperties) = preSolution
		HideSolutionNode = FALSE
	EndGlobalSection
	GlobalSection(ExtensibilityGlobals) = postSolution
		SolutionGuid = {1463CF5A-CAAD-43A2-94AA-C080A8A3E82B}
	EndGlobalSection
EndGlobal
